
Microsoft Visual Studio Solution File, Format Version 12.00
Project("{2150E333-8FDC-42A3-9474-1A3956D46DE8}") = "src", "src", "{08DED08C-C1F1-4F4F-A321-8BA699728074}"
EndProject
Project("{FAE04EC0-301F-11D3-BF4B-00C04F79EFBC}") = "Jwt.Sample", "Jwt.Sample\Jwt.Sample.csproj", "{1F7EAB3C-9E81-4557-8DAC-933FBD0B44B5}"
EndProject
Project("{FAE04EC0-301F-11D3-BF4B-00C04F79EFBC}") = "Jwt.Sample.Domain", "Jwt.Sample.Domain\Jwt.Sample.Domain.csproj", "{2EB5E9EA-755E-4CC9-B5B0-5EFE137A79C4}"
EndProject
Project("{FAE04EC0-301F-11D3-BF4B-00C04F79EFBC}") = "Jwt.Sample.Application", "Jwt.Sample.Application\Jwt.Sample.Application.csproj", "{D20029E5-FC1D-481D-8921-AFA93773DDF6}"
EndProject
Project("{FAE04EC0-301F-11D3-BF4B-00C04F79EFBC}") = "Jwt.Sample.Infrastructure", "Jwt.Sample.Infrastructure\Jwt.Sample.Infrastructure.csproj", "{23755BCA-AEE3-4D79-A740-9D48DBDCFA3D}"
EndProject
Project("{FAE04EC0-301F-11D3-BF4B-00C04F79EFBC}") = "Test", "Test\Test.csproj", "{675F0C0C-9F9C-4237-AE29-B1D29D46C21E}"
EndProject
Project("{FAE04EC0-301F-11D3-BF4B-00C04F79EFBC}") = "Api.Db.Shared", "Api.Db.Shared\Api.Db.Shared.csproj", "{85283293-ED52-4A67-9854-98FF324B058E}"
EndProject
Global
	GlobalSection(SolutionConfigurationPlatforms) = preSolution
		Debug|Any CPU = Debug|Any CPU
		Release|Any CPU = Release|Any CPU
	EndGlobalSection
	GlobalSection(NestedProjects) = preSolution
		{1F7EAB3C-9E81-4557-8DAC-933FBD0B44B5} = {08DED08C-C1F1-4F4F-A321-8BA699728074}
		{2EB5E9EA-755E-4CC9-B5B0-5EFE137A79C4} = {08DED08C-C1F1-4F4F-A321-8BA699728074}
		{D20029E5-FC1D-481D-8921-AFA93773DDF6} = {08DED08C-C1F1-4F4F-A321-8BA699728074}
		{23755BCA-AEE3-4D79-A740-9D48DBDCFA3D} = {08DED08C-C1F1-4F4F-A321-8BA699728074}
		{675F0C0C-9F9C-4237-AE29-B1D29D46C21E} = {08DED08C-C1F1-4F4F-A321-8BA699728074}
		{85283293-ED52-4A67-9854-98FF324B058E} = {08DED08C-C1F1-4F4F-A321-8BA699728074}
	EndGlobalSection
	GlobalSection(ProjectConfigurationPlatforms) = postSolution
		{1F7EAB3C-9E81-4557-8DAC-933FBD0B44B5}.Debug|Any CPU.ActiveCfg = Debug|Any CPU
		{1F7EAB3C-9E81-4557-8DAC-933FBD0B44B5}.Debug|Any CPU.Build.0 = Debug|Any CPU
		{1F7EAB3C-9E81-4557-8DAC-933FBD0B44B5}.Release|Any CPU.ActiveCfg = Release|Any CPU
		{1F7EAB3C-9E81-4557-8DAC-933FBD0B44B5}.Release|Any CPU.Build.0 = Release|Any CPU
		{2EB5E9EA-755E-4CC9-B5B0-5EFE137A79C4}.Debug|Any CPU.ActiveCfg = Debug|Any CPU
		{2EB5E9EA-755E-4CC9-B5B0-5EFE137A79C4}.Debug|Any CPU.Build.0 = Debug|Any CPU
		{2EB5E9EA-755E-4CC9-B5B0-5EFE137A79C4}.Release|Any CPU.ActiveCfg = Release|Any CPU
		{2EB5E9EA-755E-4CC9-B5B0-5EFE137A79C4}.Release|Any CPU.Build.0 = Release|Any CPU
		{D20029E5-FC1D-481D-8921-AFA93773DDF6}.Debug|Any CPU.ActiveCfg = Debug|Any CPU
		{D20029E5-FC1D-481D-8921-AFA93773DDF6}.Debug|Any CPU.Build.0 = Debug|Any CPU
		{D20029E5-FC1D-481D-8921-AFA93773DDF6}.Release|Any CPU.ActiveCfg = Release|Any CPU
		{D20029E5-FC1D-481D-8921-AFA93773DDF6}.Release|Any CPU.Build.0 = Release|Any CPU
		{23755BCA-AEE3-4D79-A740-9D48DBDCFA3D}.Debug|Any CPU.ActiveCfg = Debug|Any CPU
		{23755BCA-AEE3-4D79-A740-9D48DBDCFA3D}.Debug|Any CPU.Build.0 = Debug|Any CPU
		{23755BCA-AEE3-4D79-A740-9D48DBDCFA3D}.Release|Any CPU.ActiveCfg = Release|Any CPU
		{23755BCA-AEE3-4D79-A740-9D48DBDCFA3D}.Release|Any CPU.Build.0 = Release|Any CPU
		{675F0C0C-9F9C-4237-AE29-B1D29D46C21E}.Debug|Any CPU.ActiveCfg = Debug|Any CPU
		{675F0C0C-9F9C-4237-AE29-B1D29D46C21E}.Debug|Any CPU.Build.0 = Debug|Any CPU
		{675F0C0C-9F9C-4237-AE29-B1D29D46C21E}.Release|Any CPU.ActiveCfg = Release|Any CPU
		{675F0C0C-9F9C-4237-AE29-B1D29D46C21E}.Release|Any CPU.Build.0 = Release|Any CPU
		{85283293-ED52-4A67-9854-98FF324B058E}.Debug|Any CPU.ActiveCfg = Debug|Any CPU
		{85283293-ED52-4A67-9854-98FF324B058E}.Debug|Any CPU.Build.0 = Debug|Any CPU
		{85283293-ED52-4A67-9854-98FF324B058E}.Release|Any CPU.ActiveCfg = Release|Any CPU
		{85283293-ED52-4A67-9854-98FF324B058E}.Release|Any CPU.Build.0 = Release|Any CPU
	EndGlobalSection
EndGlobal
